
Microsoft Visual Studio Solution File, Format Version 12.00
# Visual Studio 2013
VisualStudioVersion = 12.0.21005.1
MinimumVisualStudioVersion = 10.0.40219.1
Project("{8BC9CEB8-8B4A-11D0-8D11-00A0C91BC942}") = "练习28", "练习28\练习28.vcxproj", "{60E3FB1A-21EF-47E9-A4DF-5380E3DB25DD}"
EndProject
Global
	GlobalSection(SolutionConfigurationPlatforms) = preSolution
		Debug|Win32 = Debug|Win32
		Release|Win32 = Release|Win32
	EndGlobalSection
	GlobalSection(ProjectConfigurationPlatforms) = postSolution
		{60E3FB1A-21EF-47E9-A4DF-5380E3DB25DD}.Debug|Win32.ActiveCfg = Debug|Win32
		{60E3FB1A-21EF-47E9-A4DF-5380E3DB25DD}.Debug|Win32.Build.0 = Debug|Win32
		{60E3FB1A-21EF-47E9-A4DF-5380E3DB25DD}.Release|Win32.ActiveCfg = Release|Win32
		{60E3FB1A-21EF-47E9-A4DF-5380E3DB25DD}.Release|Win32.Build.0 = Release|Win32
	EndGlobalSection
	GlobalSection(SolutionProperties) = preSolution
		HideSolutionNode = FALSE
	EndGlobalSection
EndGlobal
